
Microsoft Visual Studio Solution File, Format Version 12.00
# Visual Studio 15
VisualStudioVersion = 15.0.28307.271
MinimumVisualStudioVersion = 10.0.40219.1
Project("{FAE04EC0-301F-11D3-BF4B-00C04F79EFBC}") = "TrojanInvasion", "TrojanInvasion\TrojanInvasion.csproj", "{F8DFC91A-B1A0-473D-8F38-4337610B4B5C}"
EndProject
Project("{FAE04EC0-301F-11D3-BF4B-00C04F79EFBC}") = "HelensAbduct", "HelensAbduct\HelensAbduct.csproj", "{448C82A8-8B4F-4FBB-A4D4-2B0BF08586DF}"
EndProject
Global
	GlobalSection(SolutionConfigurationPlatforms) = preSolution
		Debug|Any CPU = Debug|Any CPU
		Release|Any CPU = Release|Any CPU
	EndGlobalSection
	GlobalSection(ProjectConfigurationPlatforms) = postSolution
		{F8DFC91A-B1A0-473D-8F38-4337610B4B5C}.Debug|Any CPU.ActiveCfg = Debug|Any CPU
		{F8DFC91A-B1A0-473D-8F38-4337610B4B5C}.Debug|Any CPU.Build.0 = Debug|Any CPU
		{F8DFC91A-B1A0-473D-8F38-4337610B4B5C}.Release|Any CPU.ActiveCfg = Release|Any CPU
		{F8DFC91A-B1A0-473D-8F38-4337610B4B5C}.Release|Any CPU.Build.0 = Release|Any CPU
		{448C82A8-8B4F-4FBB-A4D4-2B0BF08586DF}.Debug|Any CPU.ActiveCfg = Debug|Any CPU
		{448C82A8-8B4F-4FBB-A4D4-2B0BF08586DF}.Debug|Any CPU.Build.0 = Debug|Any CPU
		{448C82A8-8B4F-4FBB-A4D4-2B0BF08586DF}.Release|Any CPU.ActiveCfg = Release|Any CPU
		{448C82A8-8B4F-4FBB-A4D4-2B0BF08586DF}.Release|Any CPU.Build.0 = Release|Any CPU
	EndGlobalSection
	GlobalSection(SolutionProperties) = preSolution
		HideSolutionNode = FALSE
	EndGlobalSection
	GlobalSection(ExtensibilityGlobals) = postSolution
		SolutionGuid = {678C2DDB-6556-4142-9F5D-AC04178E5C34}
	EndGlobalSection
EndGlobal
