
Microsoft Visual Studio Solution File, Format Version 12.00
# Visual Studio 15
VisualStudioVersion = 15.0.28307.271
MinimumVisualStudioVersion = 10.0.40219.1
Project("{9A19103F-16F7-4668-BE54-9A1E7A4F7556}") = "ClubParty", "ClubParty\ClubParty.csproj", "{F98B7797-8C8C-4058-BF06-E12E681823D6}"
EndProject
Project("{9A19103F-16F7-4668-BE54-9A1E7A4F7556}") = "TronRacers", "TronRacers\TronRacers.csproj", "{AE94494D-6ACA-4252-A654-199FF665A0B8}"
EndProject
Project("{9A19103F-16F7-4668-BE54-9A1E7A4F7556}") = "Heroes", "Heroes\Heroes.csproj", "{AA092ED1-6758-493E-A3BC-794F5B33C426}"
EndProject
Global
	GlobalSection(SolutionConfigurationPlatforms) = preSolution
		Debug|Any CPU = Debug|Any CPU
		Release|Any CPU = Release|Any CPU
	EndGlobalSection
	GlobalSection(ProjectConfigurationPlatforms) = postSolution
		{F98B7797-8C8C-4058-BF06-E12E681823D6}.Debug|Any CPU.ActiveCfg = Debug|Any CPU
		{F98B7797-8C8C-4058-BF06-E12E681823D6}.Debug|Any CPU.Build.0 = Debug|Any CPU
		{F98B7797-8C8C-4058-BF06-E12E681823D6}.Release|Any CPU.ActiveCfg = Release|Any CPU
		{F98B7797-8C8C-4058-BF06-E12E681823D6}.Release|Any CPU.Build.0 = Release|Any CPU
		{AE94494D-6ACA-4252-A654-199FF665A0B8}.Debug|Any CPU.ActiveCfg = Debug|Any CPU
		{AE94494D-6ACA-4252-A654-199FF665A0B8}.Debug|Any CPU.Build.0 = Debug|Any CPU
		{AE94494D-6ACA-4252-A654-199FF665A0B8}.Release|Any CPU.ActiveCfg = Release|Any CPU
		{AE94494D-6ACA-4252-A654-199FF665A0B8}.Release|Any CPU.Build.0 = Release|Any CPU
		{AA092ED1-6758-493E-A3BC-794F5B33C426}.Debug|Any CPU.ActiveCfg = Debug|Any CPU
		{AA092ED1-6758-493E-A3BC-794F5B33C426}.Debug|Any CPU.Build.0 = Debug|Any CPU
		{AA092ED1-6758-493E-A3BC-794F5B33C426}.Release|Any CPU.ActiveCfg = Release|Any CPU
		{AA092ED1-6758-493E-A3BC-794F5B33C426}.Release|Any CPU.Build.0 = Release|Any CPU
	EndGlobalSection
	GlobalSection(SolutionProperties) = preSolution
		HideSolutionNode = FALSE
	EndGlobalSection
	GlobalSection(ExtensibilityGlobals) = postSolution
		SolutionGuid = {86541E81-ED0E-45FC-BE2F-2B91CB81FB7C}
	EndGlobalSection
EndGlobal
